// !$*UTF8*$!
{
	archiveVersion = 1;
	classes = {
	};
	objectVersion = 46;
	objects = {

/* Begin PBXBuildFile section */
		7F87A4381C27047B0083BAE8 /* DataService.swift in Sources */ = {isa = PBXBuildFile; fileRef = 7F87A4371C27047B0083BAE8 /* DataService.swift */; };
		7FAC3EF01C25AF9700842621 /* AppDelegate.swift in Sources */ = {isa = PBXBuildFile; fileRef = 7FAC3EEF1C25AF9700842621 /* AppDelegate.swift */; };
		7FAC3EF21C25AF9700842621 /* ViewController.swift in Sources */ = {isa = PBXBuildFile; fileRef = 7FAC3EF11C25AF9700842621 /* ViewController.swift */; };
		7FAC3EF51C25AF9700842621 /* Main.storyboard in Resources */ = {isa = PBXBuildFile; fileRef = 7FAC3EF31C25AF9700842621 /* Main.storyboard */; };
		7FAC3EF71C25AF9700842621 /* Assets.xcassets in Resources */ = {isa = PBXBuildFile; fileRef = 7FAC3EF61C25AF9700842621 /* Assets.xcassets */; };
		7FAC3EFA1C25AF9700842621 /* LaunchScreen.storyboard in Resources */ = {isa = PBXBuildFile; fileRef = 7FAC3EF81C25AF9700842621 /* LaunchScreen.storyboard */; };
		7FAC3F0C1C25E68E00842621 /* NotoSans-Bold.ttf in Resources */ = {isa = PBXBuildFile; fileRef = 7FAC3F081C25E68E00842621 /* NotoSans-Bold.ttf */; };
		7FAC3F0D1C25E68E00842621 /* NotoSans-BoldItalic.ttf in Resources */ = {isa = PBXBuildFile; fileRef = 7FAC3F091C25E68E00842621 /* NotoSans-BoldItalic.ttf */; };
		7FAC3F0E1C25E68E00842621 /* NotoSans-Italic.ttf in Resources */ = {isa = PBXBuildFile; fileRef = 7FAC3F0A1C25E68E00842621 /* NotoSans-Italic.ttf */; };
		7FAC3F0F1C25E68E00842621 /* NotoSans-Regular.ttf in Resources */ = {isa = PBXBuildFile; fileRef = 7FAC3F0B1C25E68E00842621 /* NotoSans-Regular.ttf */; };
		7FAC3F111C25E6C600842621 /* MaterialView.swift in Sources */ = {isa = PBXBuildFile; fileRef = 7FAC3F101C25E6C600842621 /* MaterialView.swift */; };
		7FAC3F131C25E71400842621 /* Constance.swift in Sources */ = {isa = PBXBuildFile; fileRef = 7FAC3F121C25E71400842621 /* Constance.swift */; };
		7FAC3F151C25F0EB00842621 /* MaterialButton.swift in Sources */ = {isa = PBXBuildFile; fileRef = 7FAC3F141C25F0EB00842621 /* MaterialButton.swift */; };
		7FAC3F171C25F7B700842621 /* MaterialImage.swift in Sources */ = {isa = PBXBuildFile; fileRef = 7FAC3F161C25F7B700842621 /* MaterialImage.swift */; };
		7FAC3F1B1C261E3000842621 /* MaterialTextField.swift in Sources */ = {isa = PBXBuildFile; fileRef = 7FAC3F1A1C261E3000842621 /* MaterialTextField.swift */; };
		7FAC3F201C262E7900842621 /* Bolts.framework in Frameworks */ = {isa = PBXBuildFile; fileRef = 7FAC3F1D1C262E7900842621 /* Bolts.framework */; };
		7FAC3F211C262E7900842621 /* FBSDKCoreKit.framework in Frameworks */ = {isa = PBXBuildFile; fileRef = 7FAC3F1E1C262E7900842621 /* FBSDKCoreKit.framework */; };
		7FAC3F221C262E7900842621 /* FBSDKLoginKit.framework in Frameworks */ = {isa = PBXBuildFile; fileRef = 7FAC3F1F1C262E7900842621 /* FBSDKLoginKit.framework */; };
		E04FDA16FD231414DD38FE7B /* Pods.framework in Frameworks */ = {isa = PBXBuildFile; fileRef = F87FFE8D890FA854A4A803F8 /* Pods.framework */; };
/* End PBXBuildFile section */

/* Begin PBXFileReference section */
		034C6411C893BD5BF0292F7B /* Pods.release.xcconfig */ = {isa = PBXFileReference; includeInIndex = 1; lastKnownFileType = text.xcconfig; name = Pods.release.xcconfig; path = "Pods/Target Support Files/Pods/Pods.release.xcconfig"; sourceTree = "<group>"; };
		7F87A4371C27047B0083BAE8 /* DataService.swift */ = {isa = PBXFileReference; fileEncoding = 4; lastKnownFileType = sourcecode.swift; path = DataService.swift; sourceTree = "<group>"; };
		7FAC3EEC1C25AF9700842621 /* UXO-showcase-dev.app */ = {isa = PBXFileReference; explicitFileType = wrapper.application; includeInIndex = 0; path = "UXO-showcase-dev.app"; sourceTree = BUILT_PRODUCTS_DIR; };
		7FAC3EEF1C25AF9700842621 /* AppDelegate.swift */ = {isa = PBXFileReference; lastKnownFileType = sourcecode.swift; path = AppDelegate.swift; sourceTree = "<group>"; };
		7FAC3EF11C25AF9700842621 /* ViewController.swift */ = {isa = PBXFileReference; lastKnownFileType = sourcecode.swift; path = ViewController.swift; sourceTree = "<group>"; };
		7FAC3EF41C25AF9700842621 /* Base */ = {isa = PBXFileReference; lastKnownFileType = file.storyboard; name = Base; path = Base.lproj/Main.storyboard; sourceTree = "<group>"; };
		7FAC3EF61C25AF9700842621 /* Assets.xcassets */ = {isa = PBXFileReference; lastKnownFileType = folder.assetcatalog; path = Assets.xcassets; sourceTree = "<group>"; };
		7FAC3EF91C25AF9700842621 /* Base */ = {isa = PBXFileReference; lastKnownFileType = file.storyboard; name = Base; path = Base.lproj/LaunchScreen.storyboard; sourceTree = "<group>"; };
		7FAC3EFB1C25AF9700842621 /* Info.plist */ = {isa = PBXFileReference; lastKnownFileType = text.plist.xml; path = Info.plist; sourceTree = "<group>"; };
		7FAC3F081C25E68E00842621 /* NotoSans-Bold.ttf */ = {isa = PBXFileReference; lastKnownFileType = file; path = "NotoSans-Bold.ttf"; sourceTree = "<group>"; };
		7FAC3F091C25E68E00842621 /* NotoSans-BoldItalic.ttf */ = {isa = PBXFileReference; lastKnownFileType = file; path = "NotoSans-BoldItalic.ttf"; sourceTree = "<group>"; };
		7FAC3F0A1C25E68E00842621 /* NotoSans-Italic.ttf */ = {isa = PBXFileReference; lastKnownFileType = file; path = "NotoSans-Italic.ttf"; sourceTree = "<group>"; };
		7FAC3F0B1C25E68E00842621 /* NotoSans-Regular.ttf */ = {isa = PBXFileReference; lastKnownFileType = file; path = "NotoSans-Regular.ttf"; sourceTree = "<group>"; };
		7FAC3F101C25E6C600842621 /* MaterialView.swift */ = {isa = PBXFileReference; fileEncoding = 4; lastKnownFileType = sourcecode.swift; path = MaterialView.swift; sourceTree = "<group>"; };
		7FAC3F121C25E71400842621 /* Constance.swift */ = {isa = PBXFileReference; fileEncoding = 4; lastKnownFileType = sourcecode.swift; path = Constance.swift; sourceTree = "<group>"; };
		7FAC3F141C25F0EB00842621 /* MaterialButton.swift */ = {isa = PBXFileReference; fileEncoding = 4; lastKnownFileType = sourcecode.swift; path = MaterialButton.swift; sourceTree = "<group>"; };
		7FAC3F161C25F7B700842621 /* MaterialImage.swift */ = {isa = PBXFileReference; fileEncoding = 4; lastKnownFileType = sourcecode.swift; path = MaterialImage.swift; sourceTree = "<group>"; };
		7FAC3F1A1C261E3000842621 /* MaterialTextField.swift */ = {isa = PBXFileReference; fileEncoding = 4; lastKnownFileType = sourcecode.swift; path = MaterialTextField.swift; sourceTree = "<group>"; };
		7FAC3F1D1C262E7900842621 /* Bolts.framework */ = {isa = PBXFileReference; lastKnownFileType = wrapper.framework; path = Bolts.framework; sourceTree = "<group>"; };
		7FAC3F1E1C262E7900842621 /* FBSDKCoreKit.framework */ = {isa = PBXFileReference; lastKnownFileType = wrapper.framework; path = FBSDKCoreKit.framework; sourceTree = "<group>"; };
		7FAC3F1F1C262E7900842621 /* FBSDKLoginKit.framework */ = {isa = PBXFileReference; lastKnownFileType = wrapper.framework; path = FBSDKLoginKit.framework; sourceTree = "<group>"; };
		91C11C79FD6DA3580874A3BF /* Pods.debug.xcconfig */ = {isa = PBXFileReference; includeInIndex = 1; lastKnownFileType = text.xcconfig; name = Pods.debug.xcconfig; path = "Pods/Target Support Files/Pods/Pods.debug.xcconfig"; sourceTree = "<group>"; };
		F87FFE8D890FA854A4A803F8 /* Pods.framework */ = {isa = PBXFileReference; explicitFileType = wrapper.framework; includeInIndex = 0; path = Pods.framework; sourceTree = BUILT_PRODUCTS_DIR; };
/* End PBXFileReference section */

/* Begin PBXFrameworksBuildPhase section */
		7FAC3EE91C25AF9600842621 /* Frameworks */ = {
			isa = PBXFrameworksBuildPhase;
			buildActionMask = 2147483647;
			files = (
				7FAC3F201C262E7900842621 /* Bolts.framework in Frameworks */,
				7FAC3F211C262E7900842621 /* FBSDKCoreKit.framework in Frameworks */,
				7FAC3F221C262E7900842621 /* FBSDKLoginKit.framework in Frameworks */,
				E04FDA16FD231414DD38FE7B /* Pods.framework in Frameworks */,
			);
			runOnlyForDeploymentPostprocessing = 0;
		};
/* End PBXFrameworksBuildPhase section */

/* Begin PBXGroup section */
		2C0E1546DFDC03B393683AFB /* Frameworks */ = {
			isa = PBXGroup;
			children = (
				F87FFE8D890FA854A4A803F8 /* Pods.framework */,
			);
			name = Frameworks;
			sourceTree = "<group>";
		};
		47BE076523E03FBF0E43FDA7 /* Pods */ = {
			isa = PBXGroup;
			children = (
				91C11C79FD6DA3580874A3BF /* Pods.debug.xcconfig */,
				034C6411C893BD5BF0292F7B /* Pods.release.xcconfig */,
			);
			name = Pods;
			sourceTree = "<group>";
		};
		7F87A4361C27045A0083BAE8 /* Services */ = {
			isa = PBXGroup;
			children = (
				7F87A4371C27047B0083BAE8 /* DataService.swift */,
			);
			name = Services;
			sourceTree = "<group>";
		};
		7FAC3EE31C25AF9600842621 = {
			isa = PBXGroup;
			children = (
				7FAC3EEE1C25AF9700842621 /* UXO-showcase-dev */,
				7FAC3EED1C25AF9700842621 /* Products */,
				47BE076523E03FBF0E43FDA7 /* Pods */,
				2C0E1546DFDC03B393683AFB /* Frameworks */,
			);
			sourceTree = "<group>";
		};
		7FAC3EED1C25AF9700842621 /* Products */ = {
			isa = PBXGroup;
			children = (
				7FAC3EEC1C25AF9700842621 /* UXO-showcase-dev.app */,
			);
			name = Products;
			sourceTree = "<group>";
		};
		7FAC3EEE1C25AF9700842621 /* UXO-showcase-dev */ = {
			isa = PBXGroup;
			children = (
				7F87A4361C27045A0083BAE8 /* Services */,
				7FAC3F1C1C262E6200842621 /* Frameworks */,
				7FAC3F051C25BF7300842621 /* Utilities */,
				7FAC3F041C25BF6700842621 /* Resources */,
				7FAC3F031C25BF5D00842621 /* Model */,
				7FAC3F021C25BF5600842621 /* View */,
				7FAC3F011C25BF4100842621 /* Controller */,
				7FAC3EEF1C25AF9700842621 /* AppDelegate.swift */,
				7FAC3EF11C25AF9700842621 /* ViewController.swift */,
				7FAC3EF31C25AF9700842621 /* Main.storyboard */,
				7FAC3EF61C25AF9700842621 /* Assets.xcassets */,
				7FAC3EF81C25AF9700842621 /* LaunchScreen.storyboard */,
				7FAC3EFB1C25AF9700842621 /* Info.plist */,
			);
			path = "UXO-showcase-dev";
			sourceTree = "<group>";
		};
		7FAC3F011C25BF4100842621 /* Controller */ = {
			isa = PBXGroup;
			children = (
			);
			name = Controller;
			sourceTree = "<group>";
		};
		7FAC3F021C25BF5600842621 /* View */ = {
			isa = PBXGroup;
			children = (
				7FAC3F101C25E6C600842621 /* MaterialView.swift */,
				7FAC3F141C25F0EB00842621 /* MaterialButton.swift */,
				7FAC3F161C25F7B700842621 /* MaterialImage.swift */,
				7FAC3F1A1C261E3000842621 /* MaterialTextField.swift */,
			);
			name = View;
			sourceTree = "<group>";
		};
		7FAC3F031C25BF5D00842621 /* Model */ = {
			isa = PBXGroup;
			children = (
			);
			name = Model;
			sourceTree = "<group>";
		};
		7FAC3F041C25BF6700842621 /* Resources */ = {
			isa = PBXGroup;
			children = (
				7FAC3F081C25E68E00842621 /* NotoSans-Bold.ttf */,
				7FAC3F091C25E68E00842621 /* NotoSans-BoldItalic.ttf */,
				7FAC3F0A1C25E68E00842621 /* NotoSans-Italic.ttf */,
				7FAC3F0B1C25E68E00842621 /* NotoSans-Regular.ttf */,
			);
			name = Resources;
			sourceTree = "<group>";
		};
		7FAC3F051C25BF7300842621 /* Utilities */ = {
			isa = PBXGroup;
			children = (
				7FAC3F121C25E71400842621 /* Constance.swift */,
			);
			name = Utilities;
			sourceTree = "<group>";
		};
		7FAC3F1C1C262E6200842621 /* Frameworks */ = {
			isa = PBXGroup;
			children = (
				7FAC3F1D1C262E7900842621 /* Bolts.framework */,
				7FAC3F1E1C262E7900842621 /* FBSDKCoreKit.framework */,
				7FAC3F1F1C262E7900842621 /* FBSDKLoginKit.framework */,
			);
			name = Frameworks;
			sourceTree = "<group>";
		};
/* End PBXGroup section */

/* Begin PBXNativeTarget section */
		7FAC3EEB1C25AF9600842621 /* UXO-showcase-dev */ = {
			isa = PBXNativeTarget;
			buildConfigurationList = 7FAC3EFE1C25AF9700842621 /* Build configuration list for PBXNativeTarget "UXO-showcase-dev" */;
			buildPhases = (
				9EF7EE34BBD116B53EF08389 /* Check Pods Manifest.lock */,
				7FAC3EE81C25AF9600842621 /* Sources */,
				7FAC3EE91C25AF9600842621 /* Frameworks */,
				7FAC3EEA1C25AF9600842621 /* Resources */,
				00A1945EAC60888175BBBCAD /* Embed Pods Frameworks */,
				CF40CAE13C0529C119C000E6 /* Copy Pods Resources */,
			);
			buildRules = (
			);
			dependencies = (
			);
			name = "UXO-showcase-dev";
			productName = "UXO-showcase-dev";
			productReference = 7FAC3EEC1C25AF9700842621 /* UXO-showcase-dev.app */;
			productType = "com.apple.product-type.application";
		};
/* End PBXNativeTarget section */

/* Begin PBXProject section */
		7FAC3EE41C25AF9600842621 /* Project object */ = {
			isa = PBXProject;
			attributes = {
				LastSwiftUpdateCheck = 0710;
				LastUpgradeCheck = 0710;
				ORGANIZATIONNAME = "UXOThings LLC.";
				TargetAttributes = {
					7FAC3EEB1C25AF9600842621 = {
						CreatedOnToolsVersion = 7.1;
						DevelopmentTeam = 8ZY9CCVB5B;
					};
				};
			};
			buildConfigurationList = 7FAC3EE71C25AF9600842621 /* Build configuration list for PBXProject "UXO-showcase-dev" */;
			compatibilityVersion = "Xcode 3.2";
			developmentRegion = English;
			hasScannedForEncodings = 0;
			knownRegions = (
				en,
				Base,
			);
			mainGroup = 7FAC3EE31C25AF9600842621;
			productRefGroup = 7FAC3EED1C25AF9700842621 /* Products */;
			projectDirPath = "";
			projectRoot = "";
			targets = (
				7FAC3EEB1C25AF9600842621 /* UXO-showcase-dev */,
			);
		};
/* End PBXProject section */

/* Begin PBXResourcesBuildPhase section */
		7FAC3EEA1C25AF9600842621 /* Resources */ = {
			isa = PBXResourcesBuildPhase;
			buildActionMask = 2147483647;
			files = (
				7FAC3F0C1C25E68E00842621 /* NotoSans-Bold.ttf in Resources */,
				7FAC3EFA1C25AF9700842621 /* LaunchScreen.storyboard in Resources */,
				7FAC3F0D1C25E68E00842621 /* NotoSans-BoldItalic.ttf in Resources */,
				7FAC3F0E1C25E68E00842621 /* NotoSans-Italic.ttf in Resources */,
				7FAC3EF71C25AF9700842621 /* Assets.xcassets in Resources */,
				7FAC3EF51C25AF9700842621 /* Main.storyboard in Resources */,
				7FAC3F0F1C25E68E00842621 /* NotoSans-Regular.ttf in Resources */,
			);
			runOnlyForDeploymentPostprocessing = 0;
		};
/* End PBXResourcesBuildPhase section */

/* Begin PBXShellScriptBuildPhase section */
		00A1945EAC60888175BBBCAD /* Embed Pods Frameworks */ = {
			isa = PBXShellScriptBuildPhase;
			buildActionMask = 2147483647;
			files = (
			);
			inputPaths = (
			);
			name = "Embed Pods Frameworks";
			outputPaths = (
			);
			runOnlyForDeploymentPostprocessing = 0;
			shellPath = /bin/sh;
			shellScript = "\"${SRCROOT}/Pods/Target Support Files/Pods/Pods-frameworks.sh\"\n";
			showEnvVarsInLog = 0;
		};
		9EF7EE34BBD116B53EF08389 /* Check Pods Manifest.lock */ = {
			isa = PBXShellScriptBuildPhase;
			buildActionMask = 2147483647;
			files = (
			);
			inputPaths = (
			);
			name = "Check Pods Manifest.lock";
			outputPaths = (
			);
			runOnlyForDeploymentPostprocessing = 0;
			shellPath = /bin/sh;
			shellScript = "diff \"${PODS_ROOT}/../Podfile.lock\" \"${PODS_ROOT}/Manifest.lock\" > /dev/null\nif [[ $? != 0 ]] ; then\n    cat << EOM\nerror: The sandbox is not in sync with the Podfile.lock. Run 'pod install' or update your CocoaPods installation.\nEOM\n    exit 1\nfi\n";
			showEnvVarsInLog = 0;
		};
		CF40CAE13C0529C119C000E6 /* Copy Pods Resources */ = {
			isa = PBXShellScriptBuildPhase;
			buildActionMask = 2147483647;
			files = (
			);
			inputPaths = (
			);
			name = "Copy Pods Resources";
			outputPaths = (
			);
			runOnlyForDeploymentPostprocessing = 0;
			shellPath = /bin/sh;
			shellScript = "\"${SRCROOT}/Pods/Target Support Files/Pods/Pods-resources.sh\"\n";
			showEnvVarsInLog = 0;
		};
/* End PBXShellScriptBuildPhase section */

/* Begin PBXSourcesBuildPhase section */
		7FAC3EE81C25AF9600842621 /* Sources */ = {
			isa = PBXSourcesBuildPhase;
			buildActionMask = 2147483647;
			files = (
				7FAC3F171C25F7B700842621 /* MaterialImage.swift in Sources */,
				7FAC3F131C25E71400842621 /* Constance.swift in Sources */,
				7FAC3F1B1C261E3000842621 /* MaterialTextField.swift in Sources */,
				7FAC3F111C25E6C600842621 /* MaterialView.swift in Sources */,
				7FAC3EF21C25AF9700842621 /* ViewController.swift in Sources */,
				7FAC3EF01C25AF9700842621 /* AppDelegate.swift in Sources */,
				7FAC3F151C25F0EB00842621 /* MaterialButton.swift in Sources */,
				7F87A4381C27047B0083BAE8 /* DataService.swift in Sources */,
			);
			runOnlyForDeploymentPostprocessing = 0;
		};
/* End PBXSourcesBuildPhase section */

/* Begin PBXVariantGroup section */
		7FAC3EF31C25AF9700842621 /* Main.storyboard */ = {
			isa = PBXVariantGroup;
			children = (
				7FAC3EF41C25AF9700842621 /* Base */,
			);
			name = Main.storyboard;
			sourceTree = "<group>";
		};
		7FAC3EF81C25AF9700842621 /* LaunchScreen.storyboard */ = {
			isa = PBXVariantGroup;
			children = (
				7FAC3EF91C25AF9700842621 /* Base */,
			);
			name = LaunchScreen.storyboard;
			sourceTree = "<group>";
		};
/* End PBXVariantGroup section */

/* Begin XCBuildConfiguration section */
		7FAC3EFC1C25AF9700842621 /* Debug */ = {
			isa = XCBuildConfiguration;
			buildSettings = {
				ALWAYS_SEARCH_USER_PATHS = NO;
				CLANG_CXX_LANGUAGE_STANDARD = "gnu++0x";
				CLANG_CXX_LIBRARY = "libc++";
				CLANG_ENABLE_MODULES = YES;
				CLANG_ENABLE_OBJC_ARC = YES;
				CLANG_WARN_BOOL_CONVERSION = YES;
				CLANG_WARN_CONSTANT_CONVERSION = YES;
				CLANG_WARN_DIRECT_OBJC_ISA_USAGE = YES_ERROR;
				CLANG_WARN_EMPTY_BODY = YES;
				CLANG_WARN_ENUM_CONVERSION = YES;
				CLANG_WARN_INT_CONVERSION = YES;
				CLANG_WARN_OBJC_ROOT_CLASS = YES_ERROR;
				CLANG_WARN_UNREACHABLE_CODE = YES;
				CLANG_WARN__DUPLICATE_METHOD_MATCH = YES;
				"CODE_SIGN_IDENTITY[sdk=iphoneos*]" = "iPhone Developer";
				COPY_PHASE_STRIP = NO;
				DEBUG_INFORMATION_FORMAT = dwarf;
				ENABLE_STRICT_OBJC_MSGSEND = YES;
				ENABLE_TESTABILITY = YES;
				GCC_C_LANGUAGE_STANDARD = gnu99;
				GCC_DYNAMIC_NO_PIC = NO;
				GCC_NO_COMMON_BLOCKS = YES;
				GCC_OPTIMIZATION_LEVEL = 0;
				GCC_PREPROCESSOR_DEFINITIONS = (
					"DEBUG=1",
					"$(inherited)",
				);
				GCC_WARN_64_TO_32_BIT_CONVERSION = YES;
				GCC_WARN_ABOUT_RETURN_TYPE = YES_ERROR;
				GCC_WARN_UNDECLARED_SELECTOR = YES;
				GCC_WARN_UNINITIALIZED_AUTOS = YES_AGGRESSIVE;
				GCC_WARN_UNUSED_FUNCTION = YES;
				GCC_WARN_UNUSED_VARIABLE = YES;
				IPHONEOS_DEPLOYMENT_TARGET = 9.1;
				MTL_ENABLE_DEBUG_INFO = YES;
				ONLY_ACTIVE_ARCH = YES;
				SDKROOT = iphoneos;
				SWIFT_OPTIMIZATION_LEVEL = "-Onone";
				TARGETED_DEVICE_FAMILY = "1,2";
			};
			name = Debug;
		};
		7FAC3EFD1C25AF9700842621 /* Release */ = {
			isa = XCBuildConfiguration;
			buildSettings = {
				ALWAYS_SEARCH_USER_PATHS = NO;
				CLANG_CXX_LANGUAGE_STANDARD = "gnu++0x";
				CLANG_CXX_LIBRARY = "libc++";
				CLANG_ENABLE_MODULES = YES;
				CLANG_ENABLE_OBJC_ARC = YES;
				CLANG_WARN_BOOL_CONVERSION = YES;
				CLANG_WARN_CONSTANT_CONVERSION = YES;
				CLANG_WARN_DIRECT_OBJC_ISA_USAGE = YES_ERROR;
				CLANG_WARN_EMPTY_BODY = YES;
				CLANG_WARN_ENUM_CONVERSION = YES;
				CLANG_WARN_INT_CONVERSION = YES;
				CLANG_WARN_OBJC_ROOT_CLASS = YES_ERROR;
				CLANG_WARN_UNREACHABLE_CODE = YES;
				CLANG_WARN__DUPLICATE_METHOD_MATCH = YES;
				"CODE_SIGN_IDENTITY[sdk=iphoneos*]" = "iPhone Developer";
				COPY_PHASE_STRIP = NO;
				DEBUG_INFORMATION_FORMAT = "dwarf-with-dsym";
				ENABLE_NS_ASSERTIONS = NO;
				ENABLE_STRICT_OBJC_MSGSEND = YES;
				GCC_C_LANGUAGE_STANDARD = gnu99;
				GCC_NO_COMMON_BLOCKS = YES;
				GCC_WARN_64_TO_32_BIT_CONVERSION = YES;
				GCC_WARN_ABOUT_RETURN_TYPE = YES_ERROR;
				GCC_WARN_UNDECLARED_SELECTOR = YES;
				GCC_WARN_UNINITIALIZED_AUTOS = YES_AGGRESSIVE;
				GCC_WARN_UNUSED_FUNCTION = YES;
				GCC_WARN_UNUSED_VARIABLE = YES;
				IPHONEOS_DEPLOYMENT_TARGET = 9.1;
				MTL_ENABLE_DEBUG_INFO = NO;
				SDKROOT = iphoneos;
				TARGETED_DEVICE_FAMILY = "1,2";
				VALIDATE_PRODUCT = YES;
			};
			name = Release;
		};
		7FAC3EFF1C25AF9700842621 /* Debug */ = {
			isa = XCBuildConfiguration;
			baseConfigurationReference = 91C11C79FD6DA3580874A3BF /* Pods.debug.xcconfig */;
			buildSettings = {
				ASSETCATALOG_COMPILER_APPICON_NAME = AppIcon;
				ENABLE_BITCODE = NO;
				FRAMEWORK_SEARCH_PATHS = (
					"$(inherited)",
					"$(PROJECT_DIR)/UXO-showcase-dev",
				);
				INFOPLIST_FILE = "UXO-showcase-dev/Info.plist";
				LD_RUNPATH_SEARCH_PATHS = "$(inherited) @executable_path/Frameworks";
				PRODUCT_BUNDLE_IDENTIFIER = "com.6over6.UXO-showcase-dev";
				PRODUCT_NAME = "$(TARGET_NAME)";
			};
			name = Debug;
		};
		7FAC3F001C25AF9700842621 /* Release */ = {
			isa = XCBuildConfiguration;
			baseConfigurationReference = 034C6411C893BD5BF0292F7B /* Pods.release.xcconfig */;
			buildSettings = {
				ASSETCATALOG_COMPILER_APPICON_NAME = AppIcon;
				ENABLE_BITCODE = NO;
				FRAMEWORK_SEARCH_PATHS = (
					"$(inherited)",
					"$(PROJECT_DIR)/UXO-showcase-dev",
				);
				INFOPLIST_FILE = "UXO-showcase-dev/Info.plist";
				LD_RUNPATH_SEARCH_PATHS = "$(inherited) @executable_path/Frameworks";
				PRODUCT_BUNDLE_IDENTIFIER = "com.6over6.UXO-showcase-dev";
				PRODUCT_NAME = "$(TARGET_NAME)";
			};
			name = Release;
		};
/* End XCBuildConfiguration section */

/* Begin XCConfigurationList section */
		7FAC3EE71C25AF9600842621 /* Build configuration list for PBXProject "UXO-showcase-dev" */ = {
			isa = XCConfigurationList;
			buildConfigurations = (
				7FAC3EFC1C25AF9700842621 /* Debug */,
				7FAC3EFD1C25AF9700842621 /* Release */,
			);
			defaultConfigurationIsVisible = 0;
			defaultConfigurationName = Release;
		};
		7FAC3EFE1C25AF9700842621 /* Build configuration list for PBXNativeTarget "UXO-showcase-dev" */ = {
			isa = XCConfigurationList;
			buildConfigurations = (
				7FAC3EFF1C25AF9700842621 /* Debug */,
				7FAC3F001C25AF9700842621 /* Release */,
			);
			defaultConfigurationIsVisible = 0;
			defaultConfigurationName = Release;
		};
/* End XCConfigurationList section */
	};
	rootObject = 7FAC3EE41C25AF9600842621 /* Project object */;
}
